
Microsoft Visual Studio Solution File, Format Version 12.00
Project("{2150E333-8FDC-42A3-9474-1A3956D46DE8}") = "Shared", "Shared", "{AB7B2E66-9239-C86E-55CB-37DDAA886D8A}"
EndProject
Project("{2150E333-8FDC-42A3-9474-1A3956D46DE8}") = "Modules", "Modules", "{C7D11CCA-A357-531D-F993-79B8AFF70AB3}"
EndProject
Project("{2150E333-8FDC-42A3-9474-1A3956D46DE8}") = "Bootstrapper", "Bootstrapper", "{191B9169-70EC-0760-411F-9C42A06C6E62}"
EndProject
Project("{FAE04EC0-301F-11D3-BF4B-00C04F79EFBC}") = "Api", "Bootstrapper\Api\Api.csproj", "{D8206D27-CD9F-4C08-BD16-F02EA9A937FC}"
EndProject
Project("{2150E333-8FDC-42A3-9474-1A3956D46DE8}") = "Identity", "Identity", "{576C5B04-F751-4035-3463-91166A2DD810}"
EndProject
Project("{FAE04EC0-301F-11D3-BF4B-00C04F79EFBC}") = "Identity", "Modules\Identity\Identity\Identity.csproj", "{710AE2CF-79E2-4481-B21D-E2BB8A0D68F3}"
EndProject
Project("{FAE04EC0-301F-11D3-BF4B-00C04F79EFBC}") = "Shared", "Shared\Shared.csproj", "{36E6D3FD-BA39-4D08-8167-83B54F0BBF2D}"
EndProject
Project("{FAE04EC0-301F-11D3-BF4B-00C04F79EFBC}") = "Shared.Contracts", "Shared.Contracts\Shared.Contracts.csproj", "{99A1DFA4-CF2C-41EB-B3F9-6A24514E92DE}"
EndProject
Project("{FAE04EC0-301F-11D3-BF4B-00C04F79EFBC}") = "Identity.Tests", "Modules\Identity\Identity.Tests\Identity.Tests.csproj", "{A8D7B9BA-2DC0-428C-9903-62034AA642CC}"
EndProject
Global
	GlobalSection(SolutionConfigurationPlatforms) = preSolution
		Debug|Any CPU = Debug|Any CPU
		Debug|x64 = Debug|x64
		Debug|x86 = Debug|x86
		Release|Any CPU = Release|Any CPU
		Release|x64 = Release|x64
		Release|x86 = Release|x86
	EndGlobalSection
	GlobalSection(ProjectConfigurationPlatforms) = postSolution
		{D8206D27-CD9F-4C08-BD16-F02EA9A937FC}.Debug|Any CPU.ActiveCfg = Debug|Any CPU
		{D8206D27-CD9F-4C08-BD16-F02EA9A937FC}.Debug|Any CPU.Build.0 = Debug|Any CPU
		{D8206D27-CD9F-4C08-BD16-F02EA9A937FC}.Debug|Any CPU.Deploy.0 = Debug|Any CPU
		{D8206D27-CD9F-4C08-BD16-F02EA9A937FC}.Debug|x64.ActiveCfg = Debug|Any CPU
		{D8206D27-CD9F-4C08-BD16-F02EA9A937FC}.Debug|x64.Build.0 = Debug|Any CPU
		{D8206D27-CD9F-4C08-BD16-F02EA9A937FC}.Debug|x86.ActiveCfg = Debug|Any CPU
		{D8206D27-CD9F-4C08-BD16-F02EA9A937FC}.Debug|x86.Build.0 = Debug|Any CPU
		{D8206D27-CD9F-4C08-BD16-F02EA9A937FC}.Release|x64.ActiveCfg = Release|Any CPU
		{D8206D27-CD9F-4C08-BD16-F02EA9A937FC}.Release|x64.Build.0 = Release|Any CPU
		{D8206D27-CD9F-4C08-BD16-F02EA9A937FC}.Release|x86.ActiveCfg = Release|Any CPU
		{D8206D27-CD9F-4C08-BD16-F02EA9A937FC}.Release|x86.Build.0 = Release|Any CPU
		{710AE2CF-79E2-4481-B21D-E2BB8A0D68F3}.Debug|Any CPU.ActiveCfg = Debug|Any CPU
		{710AE2CF-79E2-4481-B21D-E2BB8A0D68F3}.Debug|Any CPU.Build.0 = Debug|Any CPU
		{710AE2CF-79E2-4481-B21D-E2BB8A0D68F3}.Debug|x64.ActiveCfg = Debug|Any CPU
		{710AE2CF-79E2-4481-B21D-E2BB8A0D68F3}.Debug|x64.Build.0 = Debug|Any CPU
		{710AE2CF-79E2-4481-B21D-E2BB8A0D68F3}.Debug|x86.ActiveCfg = Debug|Any CPU
		{710AE2CF-79E2-4481-B21D-E2BB8A0D68F3}.Debug|x86.Build.0 = Debug|Any CPU
		{710AE2CF-79E2-4481-B21D-E2BB8A0D68F3}.Release|Any CPU.ActiveCfg = Release|Any CPU
		{710AE2CF-79E2-4481-B21D-E2BB8A0D68F3}.Release|Any CPU.Build.0 = Release|Any CPU
		{710AE2CF-79E2-4481-B21D-E2BB8A0D68F3}.Release|x64.ActiveCfg = Release|Any CPU
		{710AE2CF-79E2-4481-B21D-E2BB8A0D68F3}.Release|x64.Build.0 = Release|Any CPU
		{710AE2CF-79E2-4481-B21D-E2BB8A0D68F3}.Release|x86.ActiveCfg = Release|Any CPU
		{710AE2CF-79E2-4481-B21D-E2BB8A0D68F3}.Release|x86.Build.0 = Release|Any CPU
		{36E6D3FD-BA39-4D08-8167-83B54F0BBF2D}.Debug|Any CPU.ActiveCfg = Debug|Any CPU
		{36E6D3FD-BA39-4D08-8167-83B54F0BBF2D}.Debug|Any CPU.Build.0 = Debug|Any CPU
		{36E6D3FD-BA39-4D08-8167-83B54F0BBF2D}.Debug|x64.ActiveCfg = Debug|Any CPU
		{36E6D3FD-BA39-4D08-8167-83B54F0BBF2D}.Debug|x64.Build.0 = Debug|Any CPU
		{36E6D3FD-BA39-4D08-8167-83B54F0BBF2D}.Debug|x86.ActiveCfg = Debug|Any CPU
		{36E6D3FD-BA39-4D08-8167-83B54F0BBF2D}.Debug|x86.Build.0 = Debug|Any CPU
		{36E6D3FD-BA39-4D08-8167-83B54F0BBF2D}.Release|Any CPU.ActiveCfg = Release|Any CPU
		{36E6D3FD-BA39-4D08-8167-83B54F0BBF2D}.Release|Any CPU.Build.0 = Release|Any CPU
		{36E6D3FD-BA39-4D08-8167-83B54F0BBF2D}.Release|x64.ActiveCfg = Release|Any CPU
		{36E6D3FD-BA39-4D08-8167-83B54F0BBF2D}.Release|x64.Build.0 = Release|Any CPU
		{36E6D3FD-BA39-4D08-8167-83B54F0BBF2D}.Release|x86.ActiveCfg = Release|Any CPU
		{36E6D3FD-BA39-4D08-8167-83B54F0BBF2D}.Release|x86.Build.0 = Release|Any CPU
		{99A1DFA4-CF2C-41EB-B3F9-6A24514E92DE}.Debug|Any CPU.ActiveCfg = Debug|Any CPU
		{99A1DFA4-CF2C-41EB-B3F9-6A24514E92DE}.Debug|Any CPU.Build.0 = Debug|Any CPU
		{99A1DFA4-CF2C-41EB-B3F9-6A24514E92DE}.Debug|x64.ActiveCfg = Debug|Any CPU
		{99A1DFA4-CF2C-41EB-B3F9-6A24514E92DE}.Debug|x64.Build.0 = Debug|Any CPU
		{99A1DFA4-CF2C-41EB-B3F9-6A24514E92DE}.Debug|x86.ActiveCfg = Debug|Any CPU
		{99A1DFA4-CF2C-41EB-B3F9-6A24514E92DE}.Debug|x86.Build.0 = Debug|Any CPU
		{99A1DFA4-CF2C-41EB-B3F9-6A24514E92DE}.Release|Any CPU.ActiveCfg = Release|Any CPU
		{99A1DFA4-CF2C-41EB-B3F9-6A24514E92DE}.Release|Any CPU.Build.0 = Release|Any CPU
		{99A1DFA4-CF2C-41EB-B3F9-6A24514E92DE}.Release|x64.ActiveCfg = Release|Any CPU
		{99A1DFA4-CF2C-41EB-B3F9-6A24514E92DE}.Release|x64.Build.0 = Release|Any CPU
		{99A1DFA4-CF2C-41EB-B3F9-6A24514E92DE}.Release|x86.ActiveCfg = Release|Any CPU
		{99A1DFA4-CF2C-41EB-B3F9-6A24514E92DE}.Release|x86.Build.0 = Release|Any CPU
		{A8D7B9BA-2DC0-428C-9903-62034AA642CC}.Debug|Any CPU.ActiveCfg = Debug|Any CPU
		{A8D7B9BA-2DC0-428C-9903-62034AA642CC}.Debug|Any CPU.Build.0 = Debug|Any CPU
		{A8D7B9BA-2DC0-428C-9903-62034AA642CC}.Debug|x64.ActiveCfg = Debug|Any CPU
		{A8D7B9BA-2DC0-428C-9903-62034AA642CC}.Debug|x64.Build.0 = Debug|Any CPU
		{A8D7B9BA-2DC0-428C-9903-62034AA642CC}.Debug|x86.ActiveCfg = Debug|Any CPU
		{A8D7B9BA-2DC0-428C-9903-62034AA642CC}.Debug|x86.Build.0 = Debug|Any CPU
		{A8D7B9BA-2DC0-428C-9903-62034AA642CC}.Release|Any CPU.ActiveCfg = Release|Any CPU
		{A8D7B9BA-2DC0-428C-9903-62034AA642CC}.Release|Any CPU.Build.0 = Release|Any CPU
		{A8D7B9BA-2DC0-428C-9903-62034AA642CC}.Release|x64.ActiveCfg = Release|Any CPU
		{A8D7B9BA-2DC0-428C-9903-62034AA642CC}.Release|x64.Build.0 = Release|Any CPU
		{A8D7B9BA-2DC0-428C-9903-62034AA642CC}.Release|x86.ActiveCfg = Release|Any CPU
		{A8D7B9BA-2DC0-428C-9903-62034AA642CC}.Release|x86.Build.0 = Release|Any CPU
	EndGlobalSection
	GlobalSection(SolutionProperties) = preSolution
		HideSolutionNode = FALSE
	EndGlobalSection
	GlobalSection(NestedProjects) = preSolution
		{D8206D27-CD9F-4C08-BD16-F02EA9A937FC} = {191B9169-70EC-0760-411F-9C42A06C6E62}
		{576C5B04-F751-4035-3463-91166A2DD810} = {C7D11CCA-A357-531D-F993-79B8AFF70AB3}
		{710AE2CF-79E2-4481-B21D-E2BB8A0D68F3} = {576C5B04-F751-4035-3463-91166A2DD810}
		{36E6D3FD-BA39-4D08-8167-83B54F0BBF2D} = {AB7B2E66-9239-C86E-55CB-37DDAA886D8A}
		{99A1DFA4-CF2C-41EB-B3F9-6A24514E92DE} = {AB7B2E66-9239-C86E-55CB-37DDAA886D8A}
		{A8D7B9BA-2DC0-428C-9903-62034AA642CC} = {576C5B04-F751-4035-3463-91166A2DD810}
	EndGlobalSection
EndGlobal
