
Microsoft Visual Studio Solution File, Format Version 12.00

Project("{2150E333-8FDC-42A3-9474-1A3956D46DE8}") = "Shared", "Shared", "{AB7B2E66-9239-C86E-55CB-37DDAA886D8A}"
EndProject
Project("{2150E333-8FDC-42A3-9474-1A3956D46DE8}") = "Modules", "Modules", "{C7D11CCA-A357-531D-F993-79B8AFF70AB3}"
EndProject

Project("{2150E333-8FDC-42A3-9474-1A3956D46DE8}") = "Bootstrapper", "Bootstrapper", "{191B9169-70EC-0760-411F-9C42A06C6E62}"
EndProject

Project("{FAE04EC0-301F-11D3-BF4B-00C04F79EFBC}") = "Api", "Bootstrapper\Api\Api.csproj", "{D8206D27-CD9F-4C08-BD16-F02EA9A937FC}"
EndProject
Global
	GlobalSection(SolutionConfigurationPlatforms) = preSolution
		Debug|Any CPU = Debug|Any CPU
		Release|Any CPU = Release|Any CPU
	EndGlobalSection
	GlobalSection(NestedProjects) = preSolution
		{D8206D27-CD9F-4C08-BD16-F02EA9A937FC} = {191B9169-70EC-0760-411F-9C42A06C6E62}
	EndGlobalSection
EndGlobal
